
Microsoft Visual Studio Solution File, Format Version 12.00
# Visual Studio 15
VisualStudioVersion = 15.0.27130.2027
MinimumVisualStudioVersion = 10.0.40219.1
Project("{FAE04EC0-301F-11D3-BF4B-00C04F79EFBC}") = "JC_HomeWork4", "JC_HomeWork4\JC_HomeWork4.csproj", "{A123B86F-1572-4C6B-ACFE-9BE6D7DC22CF}"
EndProject
Global
	GlobalSection(SolutionConfigurationPlatforms) = preSolution
		Debug|Any CPU = Debug|Any CPU
		Release|Any CPU = Release|Any CPU
	EndGlobalSection
	GlobalSection(ProjectConfigurationPlatforms) = postSolution
		{A123B86F-1572-4C6B-ACFE-9BE6D7DC22CF}.Debug|Any CPU.ActiveCfg = Debug|Any CPU
		{A123B86F-1572-4C6B-ACFE-9BE6D7DC22CF}.Debug|Any CPU.Build.0 = Debug|Any CPU
		{A123B86F-1572-4C6B-ACFE-9BE6D7DC22CF}.Release|Any CPU.ActiveCfg = Release|Any CPU
		{A123B86F-1572-4C6B-ACFE-9BE6D7DC22CF}.Release|Any CPU.Build.0 = Release|Any CPU
	EndGlobalSection
	GlobalSection(SolutionProperties) = preSolution
		HideSolutionNode = FALSE
	EndGlobalSection
	GlobalSection(ExtensibilityGlobals) = postSolution
		SolutionGuid = {174D1E04-FE57-46C7-B1A5-2E5CD7A8E186}
	EndGlobalSection
EndGlobal
