
Microsoft Visual Studio Solution File, Format Version 12.00
# Visual Studio 15
VisualStudioVersion = 15.0.27130.2036
MinimumVisualStudioVersion = 10.0.40219.1
Project("{FAE04EC0-301F-11D3-BF4B-00C04F79EFBC}") = "HomeWork12Library", "HomeWork12Library\HomeWork12Library.csproj", "{636F0386-2FA7-4201-A213-D2E348BA4503}"
EndProject
Global
	GlobalSection(SolutionConfigurationPlatforms) = preSolution
		Debug|Any CPU = Debug|Any CPU
		Release|Any CPU = Release|Any CPU
	EndGlobalSection
	GlobalSection(ProjectConfigurationPlatforms) = postSolution
		{636F0386-2FA7-4201-A213-D2E348BA4503}.Debug|Any CPU.ActiveCfg = Debug|Any CPU
		{636F0386-2FA7-4201-A213-D2E348BA4503}.Debug|Any CPU.Build.0 = Debug|Any CPU
		{636F0386-2FA7-4201-A213-D2E348BA4503}.Release|Any CPU.ActiveCfg = Release|Any CPU
		{636F0386-2FA7-4201-A213-D2E348BA4503}.Release|Any CPU.Build.0 = Release|Any CPU
	EndGlobalSection
	GlobalSection(SolutionProperties) = preSolution
		HideSolutionNode = FALSE
	EndGlobalSection
	GlobalSection(ExtensibilityGlobals) = postSolution
		SolutionGuid = {A6C32ECE-6215-4F7C-95BA-A2AB8C076BF7}
	EndGlobalSection
EndGlobal
