
Microsoft Visual Studio Solution File, Format Version 12.00
# Visual Studio 15
VisualStudioVersion = 15.0.27130.2027
MinimumVisualStudioVersion = 10.0.40219.1
Project("{FAE04EC0-301F-11D3-BF4B-00C04F79EFBC}") = "HomeWork2", "HomeWork2\HomeWork2.csproj", "{B7890555-661C-489A-87D8-70D47FF8B8B5}"
EndProject
Global
	GlobalSection(SolutionConfigurationPlatforms) = preSolution
		Debug|Any CPU = Debug|Any CPU
		Release|Any CPU = Release|Any CPU
	EndGlobalSection
	GlobalSection(ProjectConfigurationPlatforms) = postSolution
		{B7890555-661C-489A-87D8-70D47FF8B8B5}.Debug|Any CPU.ActiveCfg = Debug|Any CPU
		{B7890555-661C-489A-87D8-70D47FF8B8B5}.Debug|Any CPU.Build.0 = Debug|Any CPU
		{B7890555-661C-489A-87D8-70D47FF8B8B5}.Release|Any CPU.ActiveCfg = Release|Any CPU
		{B7890555-661C-489A-87D8-70D47FF8B8B5}.Release|Any CPU.Build.0 = Release|Any CPU
	EndGlobalSection
	GlobalSection(SolutionProperties) = preSolution
		HideSolutionNode = FALSE
	EndGlobalSection
	GlobalSection(ExtensibilityGlobals) = postSolution
		SolutionGuid = {0C119E81-752E-4172-859D-B988E2B80B3D}
	EndGlobalSection
EndGlobal
